
Microsoft Visual Studio Solution File, Format Version 12.00
Project("{FAE04EC0-301F-11D3-BF4B-00C04F79EFBC}") = "CodeWarSolution", "CodeWarSolution\CodeWarSolution.csproj", "{F365AA4A-B66B-4FA5-94FB-C0758383B9F9}"
EndProject
Project("{FAE04EC0-301F-11D3-BF4B-00C04F79EFBC}") = "CodeWarSolutionTest", "CodeWarSolutionTest\CodeWarSolutionTest.csproj", "{D750DC4F-54CE-4308-A1AE-EF031C24AB87}"
EndProject
Global
	GlobalSection(SolutionConfigurationPlatforms) = preSolution
		Debug|Any CPU = Debug|Any CPU
		Release|Any CPU = Release|Any CPU
	EndGlobalSection
	GlobalSection(ProjectConfigurationPlatforms) = postSolution
		{F365AA4A-B66B-4FA5-94FB-C0758383B9F9}.Debug|Any CPU.ActiveCfg = Debug|Any CPU
		{F365AA4A-B66B-4FA5-94FB-C0758383B9F9}.Debug|Any CPU.Build.0 = Debug|Any CPU
		{F365AA4A-B66B-4FA5-94FB-C0758383B9F9}.Release|Any CPU.ActiveCfg = Release|Any CPU
		{F365AA4A-B66B-4FA5-94FB-C0758383B9F9}.Release|Any CPU.Build.0 = Release|Any CPU
		{D750DC4F-54CE-4308-A1AE-EF031C24AB87}.Debug|Any CPU.ActiveCfg = Debug|Any CPU
		{D750DC4F-54CE-4308-A1AE-EF031C24AB87}.Debug|Any CPU.Build.0 = Debug|Any CPU
		{D750DC4F-54CE-4308-A1AE-EF031C24AB87}.Release|Any CPU.ActiveCfg = Release|Any CPU
		{D750DC4F-54CE-4308-A1AE-EF031C24AB87}.Release|Any CPU.Build.0 = Release|Any CPU
	EndGlobalSection
EndGlobal
